// !$*UTF8*$!
{
	archiveVersion = 1;
	classes = {
	};
	objectVersion = 46;
	objects = {

/* Begin PBXBuildFile section */
		4D198C8A1C8FAC9700442C67 /* OrderListController.m in Sources */ = {isa = PBXBuildFile; fileRef = 4D198C891C8FAC9700442C67 /* OrderListController.m */; };
		4D198C8D1C8FB1C300442C67 /* CouponController.m in Sources */ = {isa = PBXBuildFile; fileRef = 4D198C8C1C8FB1C300442C67 /* CouponController.m */; };
		4D198C901C8FB36A00442C67 /* CouponCell.m in Sources */ = {isa = PBXBuildFile; fileRef = 4D198C8F1C8FB36A00442C67 /* CouponCell.m */; };
		4D198C931C8FC67000442C67 /* SettingController.m in Sources */ = {isa = PBXBuildFile; fileRef = 4D198C921C8FC67000442C67 /* SettingController.m */; };
		4D9AC3CB1C83E20E00E923CC /* main.m in Sources */ = {isa = PBXBuildFile; fileRef = 4D9AC3CA1C83E20E00E923CC /* main.m */; };
		4D9AC3CE1C83E20E00E923CC /* AppDelegate.m in Sources */ = {isa = PBXBuildFile; fileRef = 4D9AC3CD1C83E20E00E923CC /* AppDelegate.m */; };
		4D9AC3D11C83E20E00E923CC /* ViewController.m in Sources */ = {isa = PBXBuildFile; fileRef = 4D9AC3D01C83E20E00E923CC /* ViewController.m */; };
		4D9AC3D41C83E20E00E923CC /* Main.storyboard in Resources */ = {isa = PBXBuildFile; fileRef = 4D9AC3D21C83E20E00E923CC /* Main.storyboard */; };
		4D9AC3D61C83E20E00E923CC /* Assets.xcassets in Resources */ = {isa = PBXBuildFile; fileRef = 4D9AC3D51C83E20E00E923CC /* Assets.xcassets */; };
		4D9AC3D91C83E20E00E923CC /* LaunchScreen.storyboard in Resources */ = {isa = PBXBuildFile; fileRef = 4D9AC3D71C83E20E00E923CC /* LaunchScreen.storyboard */; };
		4D9AC3E41C83E20E00E923CC /* EasyStopCarTests.m in Sources */ = {isa = PBXBuildFile; fileRef = 4D9AC3E31C83E20E00E923CC /* EasyStopCarTests.m */; };
		4D9AC3EF1C83E20E00E923CC /* EasyStopCarUITests.m in Sources */ = {isa = PBXBuildFile; fileRef = 4D9AC3EE1C83E20E00E923CC /* EasyStopCarUITests.m */; };
		4D9AC4261C841F5600E923CC /* BaiduMapAPI_Location.framework in Frameworks */ = {isa = PBXBuildFile; fileRef = 4D9AC4211C841F5600E923CC /* BaiduMapAPI_Location.framework */; };
		4D9AC4271C841F5600E923CC /* BaiduMapAPI_Map.framework in Frameworks */ = {isa = PBXBuildFile; fileRef = 4D9AC4221C841F5600E923CC /* BaiduMapAPI_Map.framework */; };
		4D9AC4281C841F5600E923CC /* BaiduMapAPI_Search.framework in Frameworks */ = {isa = PBXBuildFile; fileRef = 4D9AC4231C841F5600E923CC /* BaiduMapAPI_Search.framework */; };
		4D9AC4291C841F5600E923CC /* BaiduMapAPI_Utils.framework in Frameworks */ = {isa = PBXBuildFile; fileRef = 4D9AC4241C841F5600E923CC /* BaiduMapAPI_Utils.framework */; };
		4D9AC42A1C841F5600E923CC /* BaiduMapAPI_Base.framework in Frameworks */ = {isa = PBXBuildFile; fileRef = 4D9AC4251C841F5600E923CC /* BaiduMapAPI_Base.framework */; };
		4D9AC42C1C84213B00E923CC /* CoreLocation.framework in Frameworks */ = {isa = PBXBuildFile; fileRef = 4D9AC42B1C84213B00E923CC /* CoreLocation.framework */; };
		4D9AC42E1C84214300E923CC /* QuartzCore.framework in Frameworks */ = {isa = PBXBuildFile; fileRef = 4D9AC42D1C84214300E923CC /* QuartzCore.framework */; };
		4D9AC4301C84214B00E923CC /* OpenGLES.framework in Frameworks */ = {isa = PBXBuildFile; fileRef = 4D9AC42F1C84214B00E923CC /* OpenGLES.framework */; };
		4D9AC4321C84215100E923CC /* SystemConfiguration.framework in Frameworks */ = {isa = PBXBuildFile; fileRef = 4D9AC4311C84215100E923CC /* SystemConfiguration.framework */; };
		4D9AC4341C84215A00E923CC /* CoreGraphics.framework in Frameworks */ = {isa = PBXBuildFile; fileRef = 4D9AC4331C84215A00E923CC /* CoreGraphics.framework */; };
		4D9AC4361C84216000E923CC /* Security.framework in Frameworks */ = {isa = PBXBuildFile; fileRef = 4D9AC4351C84216000E923CC /* Security.framework */; };
		4D9AC4381C84218400E923CC /* libsqlite3.0.tbd in Frameworks */ = {isa = PBXBuildFile; fileRef = 4D9AC4371C84218400E923CC /* libsqlite3.0.tbd */; };
		4D9AC43A1C84218D00E923CC /* CoreTelephony.framework in Frameworks */ = {isa = PBXBuildFile; fileRef = 4D9AC4391C84218D00E923CC /* CoreTelephony.framework */; };
		4D9AC43C1C84219500E923CC /* libstdc++.6.0.9.tbd in Frameworks */ = {isa = PBXBuildFile; fileRef = 4D9AC43B1C84219500E923CC /* libstdc++.6.0.9.tbd */; };
		4D9AC43E1C8421D700E923CC /* mapapi.bundle in Resources */ = {isa = PBXBuildFile; fileRef = 4D9AC43D1C8421D700E923CC /* mapapi.bundle */; };
		4D9AC4411C8423DA00E923CC /* UITempletViewController.m in Sources */ = {isa = PBXBuildFile; fileRef = 4D9AC4401C8423DA00E923CC /* UITempletViewController.m */; };
		4D9AC4451C84242E00E923CC /* SearchPartMapController.mm in Sources */ = {isa = PBXBuildFile; fileRef = 4D9AC4441C84242E00E923CC /* SearchPartMapController.mm */; };
		4D9C5E701C89590D00543681 /* Connetion.m in Sources */ = {isa = PBXBuildFile; fileRef = 4D9C5E6E1C89590D00543681 /* Connetion.m */; };
		4D9C5E731C895BF800543681 /* libAFNetworking.a in Frameworks */ = {isa = PBXBuildFile; fileRef = 4D9C5E711C895BF800543681 /* libAFNetworking.a */; };
		4D9C5E741C895BF800543681 /* libSVProgressHUD.a in Frameworks */ = {isa = PBXBuildFile; fileRef = 4D9C5E721C895BF800543681 /* libSVProgressHUD.a */; };
		4D9C5E771C89643500543681 /* SearchAppointSelectController.m in Sources */ = {isa = PBXBuildFile; fileRef = 4D9C5E761C89643500543681 /* SearchAppointSelectController.m */; };
		4DB94A2A1C87D2AD0003AC08 /* libWeChatSDK.a in Frameworks */ = {isa = PBXBuildFile; fileRef = 4DB94A271C87D2AD0003AC08 /* libWeChatSDK.a */; };
		4DB94A2D1C87D5FC0003AC08 /* WXApiManager.m in Sources */ = {isa = PBXBuildFile; fileRef = 4DB94A2C1C87D5FC0003AC08 /* WXApiManager.m */; };
		4DB94A301C8813880003AC08 /* SearchAppointController.m in Sources */ = {isa = PBXBuildFile; fileRef = 4DB94A2F1C8813880003AC08 /* SearchAppointController.m */; };
		4DB94A331C88182D0003AC08 /* SearchAppointCell.m in Sources */ = {isa = PBXBuildFile; fileRef = 4DB94A321C88182D0003AC08 /* SearchAppointCell.m */; };
		4DB94A371C8820110003AC08 /* LoginController.m in Sources */ = {isa = PBXBuildFile; fileRef = 4DB94A361C8820110003AC08 /* LoginController.m */; };
		4DB94A3A1C8822200003AC08 /* InputItemModel.m in Sources */ = {isa = PBXBuildFile; fileRef = 4DB94A391C8822200003AC08 /* InputItemModel.m */; };
		4DB94A3D1C882CA80003AC08 /* UserCenterController.m in Sources */ = {isa = PBXBuildFile; fileRef = 4DB94A3C1C882CA80003AC08 /* UserCenterController.m */; };
		4DB94A401C882EB30003AC08 /* ProfileCell.m in Sources */ = {isa = PBXBuildFile; fileRef = 4DB94A3F1C882EB30003AC08 /* ProfileCell.m */; };
		4DB94A431C8836370003AC08 /* UserInfoCell.m in Sources */ = {isa = PBXBuildFile; fileRef = 4DB94A421C8836370003AC08 /* UserInfoCell.m */; };
		4DB94A461C8836850003AC08 /* UserInfoController.m in Sources */ = {isa = PBXBuildFile; fileRef = 4DB94A451C8836850003AC08 /* UserInfoController.m */; };
		4DB94A491C884D0D0003AC08 /* EditTextController.m in Sources */ = {isa = PBXBuildFile; fileRef = 4DB94A481C884D0D0003AC08 /* EditTextController.m */; };
		4DB94A4C1C8851DF0003AC08 /* EditSeleceController.m in Sources */ = {isa = PBXBuildFile; fileRef = 4DB94A4B1C8851DF0003AC08 /* EditSeleceController.m */; };
		4DB94A4F1C8852BD0003AC08 /* EditSelectCell.m in Sources */ = {isa = PBXBuildFile; fileRef = 4DB94A4E1C8852BD0003AC08 /* EditSelectCell.m */; };
		4DB95FB61C86917B006B92F9 /* MRBlurView.m in Sources */ = {isa = PBXBuildFile; fileRef = 4DB95F9A1C86917B006B92F9 /* MRBlurView.m */; };
		4DB95FB71C86917B006B92F9 /* UIImage+MRImageEffects.m in Sources */ = {isa = PBXBuildFile; fileRef = 4DB95F9C1C86917B006B92F9 /* UIImage+MRImageEffects.m */; };
		4DB95FB81C86917B006B92F9 /* MRActivityIndicatorView.m in Sources */ = {isa = PBXBuildFile; fileRef = 4DB95F9F1C86917B006B92F9 /* MRActivityIndicatorView.m */; };
		4DB95FB91C86917B006B92F9 /* MRCircularProgressView.m in Sources */ = {isa = PBXBuildFile; fileRef = 4DB95FA11C86917B006B92F9 /* MRCircularProgressView.m */; };
		4DB95FBA1C86917B006B92F9 /* MRIconView.m in Sources */ = {isa = PBXBuildFile; fileRef = 4DB95FA31C86917B006B92F9 /* MRIconView.m */; };
		4DB95FBB1C86917B006B92F9 /* MRNavigationBarProgressView.m in Sources */ = {isa = PBXBuildFile; fileRef = 4DB95FA51C86917B006B92F9 /* MRNavigationBarProgressView.m */; };
		4DB95FBC1C86917B006B92F9 /* MRProgressOverlayView.m in Sources */ = {isa = PBXBuildFile; fileRef = 4DB95FA71C86917B006B92F9 /* MRProgressOverlayView.m */; };
		4DB95FBD1C86917B006B92F9 /* MRProgressView.m in Sources */ = {isa = PBXBuildFile; fileRef = 4DB95FA91C86917B006B92F9 /* MRProgressView.m */; };
		4DB95FBE1C86917B006B92F9 /* MRStopButton.m in Sources */ = {isa = PBXBuildFile; fileRef = 4DB95FAC1C86917B006B92F9 /* MRStopButton.m */; };
		4DB95FBF1C86917B006B92F9 /* MRMessageInterceptor.m in Sources */ = {isa = PBXBuildFile; fileRef = 4DB95FB01C86917B006B92F9 /* MRMessageInterceptor.m */; };
		4DB95FC01C86917B006B92F9 /* MRMethodCopier.m in Sources */ = {isa = PBXBuildFile; fileRef = 4DB95FB21C86917B006B92F9 /* MRMethodCopier.m */; };
		4DB95FC11C86917B006B92F9 /* MRWeakProxy.m in Sources */ = {isa = PBXBuildFile; fileRef = 4DB95FB51C86917B006B92F9 /* MRWeakProxy.m */; };
		4DB95FC41C86C011006B92F9 /* OrderPayController.m in Sources */ = {isa = PBXBuildFile; fileRef = 4DB95FC31C86C011006B92F9 /* OrderPayController.m */; };
		4DB95FC71C86E757006B92F9 /* OrderPayCompleteController.m in Sources */ = {isa = PBXBuildFile; fileRef = 4DB95FC61C86E757006B92F9 /* OrderPayCompleteController.m */; };
		4DC3F3341C8EEE3D002A268C /* MemberAccountViewController.m in Sources */ = {isa = PBXBuildFile; fileRef = 4DC3F3331C8EEE3D002A268C /* MemberAccountViewController.m */; };
		4DC3F3371C8EEEB4002A268C /* MemberAccountCell.m in Sources */ = {isa = PBXBuildFile; fileRef = 4DC3F3361C8EEEB4002A268C /* MemberAccountCell.m */; };
		4DC690A91C8982E7006B4DDF /* OrderPayDetailController.m in Sources */ = {isa = PBXBuildFile; fileRef = 4DC690A81C8982E7006B4DDF /* OrderPayDetailController.m */; };
		4DC690AC1C8988A3006B4DDF /* PayDetailCell.m in Sources */ = {isa = PBXBuildFile; fileRef = 4DC690AB1C8988A3006B4DDF /* PayDetailCell.m */; };
		4DCCA5111C8440CC00965C21 /* YHR_PageControl.m in Sources */ = {isa = PBXBuildFile; fileRef = 4DCCA5101C8440CC00965C21 /* YHR_PageControl.m */; };
		4DCCA5141C84426200965C21 /* test_picture.jpg in Resources */ = {isa = PBXBuildFile; fileRef = 4DCCA5131C84426200965C21 /* test_picture.jpg */; };
		4DCCA5181C8455B600965C21 /* HomeCell.m in Sources */ = {isa = PBXBuildFile; fileRef = 4DCCA5171C8455B600965C21 /* HomeCell.m */; };
		4DCF9F711C8D6C9900FBBA24 /* test_banner.png in Resources */ = {isa = PBXBuildFile; fileRef = 4DCF9F701C8D6C9900FBBA24 /* test_banner.png */; };
		4DE57E931C8521A50087D79F /* SearchPartController.m in Sources */ = {isa = PBXBuildFile; fileRef = 4DE57E921C8521A50087D79F /* SearchPartController.m */; };
		4DE57E961C852C3A0087D79F /* SearchPartCell.m in Sources */ = {isa = PBXBuildFile; fileRef = 4DE57E951C852C3A0087D79F /* SearchPartCell.m */; };
		4DE57E991C8539170087D79F /* CommonTools.m in Sources */ = {isa = PBXBuildFile; fileRef = 4DE57E981C8539170087D79F /* CommonTools.m */; };
		4DE57EA31C85A3EA0087D79F /* OrderDetailController.m in Sources */ = {isa = PBXBuildFile; fileRef = 4DE57EA21C85A3EA0087D79F /* OrderDetailController.m */; };
		EC26043A7EA5936A06555FFE /* libPods.a in Frameworks */ = {isa = PBXBuildFile; fileRef = E8BE385F8525FBDF9100DEF3 /* libPods.a */; };
/* End PBXBuildFile section */

/* Begin PBXContainerItemProxy section */
		4D9AC3E01C83E20E00E923CC /* PBXContainerItemProxy */ = {
			isa = PBXContainerItemProxy;
			containerPortal = 4D9AC3BE1C83E20D00E923CC /* Project object */;
			proxyType = 1;
			remoteGlobalIDString = 4D9AC3C51C83E20E00E923CC;
			remoteInfo = EasyStopCar;
		};
		4D9AC3EB1C83E20E00E923CC /* PBXContainerItemProxy */ = {
			isa = PBXContainerItemProxy;
			containerPortal = 4D9AC3BE1C83E20D00E923CC /* Project object */;
			proxyType = 1;
			remoteGlobalIDString = 4D9AC3C51C83E20E00E923CC;
			remoteInfo = EasyStopCar;
		};
/* End PBXContainerItemProxy section */

/* Begin PBXFileReference section */
		4D198C881C8FAC9700442C67 /* OrderListController.h */ = {isa = PBXFileReference; fileEncoding = 4; lastKnownFileType = sourcecode.c.h; path = OrderListController.h; sourceTree = "<group>"; };
		4D198C891C8FAC9700442C67 /* OrderListController.m */ = {isa = PBXFileReference; fileEncoding = 4; lastKnownFileType = sourcecode.c.objc; path = OrderListController.m; sourceTree = "<group>"; };
		4D198C8B1C8FB1C300442C67 /* CouponController.h */ = {isa = PBXFileReference; fileEncoding = 4; lastKnownFileType = sourcecode.c.h; path = CouponController.h; sourceTree = "<group>"; };
		4D198C8C1C8FB1C300442C67 /* CouponController.m */ = {isa = PBXFileReference; fileEncoding = 4; lastKnownFileType = sourcecode.c.objc; path = CouponController.m; sourceTree = "<group>"; };
		4D198C8E1C8FB36A00442C67 /* CouponCell.h */ = {isa = PBXFileReference; fileEncoding = 4; lastKnownFileType = sourcecode.c.h; path = CouponCell.h; sourceTree = "<group>"; };
		4D198C8F1C8FB36A00442C67 /* CouponCell.m */ = {isa = PBXFileReference; fileEncoding = 4; lastKnownFileType = sourcecode.c.objc; path = CouponCell.m; sourceTree = "<group>"; };
		4D198C911C8FC67000442C67 /* SettingController.h */ = {isa = PBXFileReference; fileEncoding = 4; lastKnownFileType = sourcecode.c.h; path = SettingController.h; sourceTree = "<group>"; };
		4D198C921C8FC67000442C67 /* SettingController.m */ = {isa = PBXFileReference; fileEncoding = 4; lastKnownFileType = sourcecode.c.objc; path = SettingController.m; sourceTree = "<group>"; };
		4D9AC3C61C83E20E00E923CC /* EasyStopCar.app */ = {isa = PBXFileReference; explicitFileType = wrapper.application; includeInIndex = 0; path = EasyStopCar.app; sourceTree = BUILT_PRODUCTS_DIR; };
		4D9AC3CA1C83E20E00E923CC /* main.m */ = {isa = PBXFileReference; lastKnownFileType = sourcecode.c.objc; path = main.m; sourceTree = "<group>"; };
		4D9AC3CC1C83E20E00E923CC /* AppDelegate.h */ = {isa = PBXFileReference; lastKnownFileType = sourcecode.c.h; path = AppDelegate.h; sourceTree = "<group>"; };
		4D9AC3CD1C83E20E00E923CC /* AppDelegate.m */ = {isa = PBXFileReference; lastKnownFileType = sourcecode.c.objc; path = AppDelegate.m; sourceTree = "<group>"; };
		4D9AC3CF1C83E20E00E923CC /* ViewController.h */ = {isa = PBXFileReference; lastKnownFileType = sourcecode.c.h; path = ViewController.h; sourceTree = "<group>"; };
		4D9AC3D01C83E20E00E923CC /* ViewController.m */ = {isa = PBXFileReference; lastKnownFileType = sourcecode.c.objc; path = ViewController.m; sourceTree = "<group>"; };
		4D9AC3D31C83E20E00E923CC /* Base */ = {isa = PBXFileReference; lastKnownFileType = file.storyboard; name = Base; path = Base.lproj/Main.storyboard; sourceTree = "<group>"; };
		4D9AC3D51C83E20E00E923CC /* Assets.xcassets */ = {isa = PBXFileReference; lastKnownFileType = folder.assetcatalog; path = Assets.xcassets; sourceTree = "<group>"; };
		4D9AC3D81C83E20E00E923CC /* Base */ = {isa = PBXFileReference; lastKnownFileType = file.storyboard; name = Base; path = Base.lproj/LaunchScreen.storyboard; sourceTree = "<group>"; };
		4D9AC3DA1C83E20E00E923CC /* Info.plist */ = {isa = PBXFileReference; lastKnownFileType = text.plist.xml; path = Info.plist; sourceTree = "<group>"; };
		4D9AC3DF1C83E20E00E923CC /* EasyStopCarTests.xctest */ = {isa = PBXFileReference; explicitFileType = wrapper.cfbundle; includeInIndex = 0; path = EasyStopCarTests.xctest; sourceTree = BUILT_PRODUCTS_DIR; };
		4D9AC3E31C83E20E00E923CC /* EasyStopCarTests.m */ = {isa = PBXFileReference; lastKnownFileType = sourcecode.c.objc; path = EasyStopCarTests.m; sourceTree = "<group>"; };
		4D9AC3E51C83E20E00E923CC /* Info.plist */ = {isa = PBXFileReference; lastKnownFileType = text.plist.xml; path = Info.plist; sourceTree = "<group>"; };
		4D9AC3EA1C83E20E00E923CC /* EasyStopCarUITests.xctest */ = {isa = PBXFileReference; explicitFileType = wrapper.cfbundle; includeInIndex = 0; path = EasyStopCarUITests.xctest; sourceTree = BUILT_PRODUCTS_DIR; };
		4D9AC3EE1C83E20E00E923CC /* EasyStopCarUITests.m */ = {isa = PBXFileReference; lastKnownFileType = sourcecode.c.objc; path = EasyStopCarUITests.m; sourceTree = "<group>"; };
		4D9AC3F01C83E20E00E923CC /* Info.plist */ = {isa = PBXFileReference; lastKnownFileType = text.plist.xml; path = Info.plist; sourceTree = "<group>"; };
		4D9AC4211C841F5600E923CC /* BaiduMapAPI_Location.framework */ = {isa = PBXFileReference; lastKnownFileType = wrapper.framework; name = BaiduMapAPI_Location.framework; path = EasyStopCar/framework/BaiduMap_IOSSDK_v2.10.0_Lib/BaiduMapAPI_Location.framework; sourceTree = "<group>"; };
		4D9AC4221C841F5600E923CC /* BaiduMapAPI_Map.framework */ = {isa = PBXFileReference; lastKnownFileType = wrapper.framework; name = BaiduMapAPI_Map.framework; path = EasyStopCar/framework/BaiduMap_IOSSDK_v2.10.0_Lib/BaiduMapAPI_Map.framework; sourceTree = "<group>"; };
		4D9AC4231C841F5600E923CC /* BaiduMapAPI_Search.framework */ = {isa = PBXFileReference; lastKnownFileType = wrapper.framework; name = BaiduMapAPI_Search.framework; path = EasyStopCar/framework/BaiduMap_IOSSDK_v2.10.0_Lib/BaiduMapAPI_Search.framework; sourceTree = "<group>"; };
		4D9AC4241C841F5600E923CC /* BaiduMapAPI_Utils.framework */ = {isa = PBXFileReference; lastKnownFileType = wrapper.framework; name = BaiduMapAPI_Utils.framework; path = EasyStopCar/framework/BaiduMap_IOSSDK_v2.10.0_Lib/BaiduMapAPI_Utils.framework; sourceTree = "<group>"; };
		4D9AC4251C841F5600E923CC /* BaiduMapAPI_Base.framework */ = {isa = PBXFileReference; lastKnownFileType = wrapper.framework; name = BaiduMapAPI_Base.framework; path = EasyStopCar/framework/BaiduMap_IOSSDK_v2.10.0_Lib/BaiduMapAPI_Base.framework; sourceTree = "<group>"; };
		4D9AC42B1C84213B00E923CC /* CoreLocation.framework */ = {isa = PBXFileReference; lastKnownFileType = wrapper.framework; name = CoreLocation.framework; path = System/Library/Frameworks/CoreLocation.framework; sourceTree = SDKROOT; };
		4D9AC42D1C84214300E923CC /* QuartzCore.framework */ = {isa = PBXFileReference; lastKnownFileType = wrapper.framework; name = QuartzCore.framework; path = System/Library/Frameworks/QuartzCore.framework; sourceTree = SDKROOT; };
		4D9AC42F1C84214B00E923CC /* OpenGLES.framework */ = {isa = PBXFileReference; lastKnownFileType = wrapper.framework; name = OpenGLES.framework; path = System/Library/Frameworks/OpenGLES.framework; sourceTree = SDKROOT; };
		4D9AC4311C84215100E923CC /* SystemConfiguration.framework */ = {isa = PBXFileReference; lastKnownFileType = wrapper.framework; name = SystemConfiguration.framework; path = System/Library/Frameworks/SystemConfiguration.framework; sourceTree = SDKROOT; };
		4D9AC4331C84215A00E923CC /* CoreGraphics.framework */ = {isa = PBXFileReference; lastKnownFileType = wrapper.framework; name = CoreGraphics.framework; path = System/Library/Frameworks/CoreGraphics.framework; sourceTree = SDKROOT; };
		4D9AC4351C84216000E923CC /* Security.framework */ = {isa = PBXFileReference; lastKnownFileType = wrapper.framework; name = Security.framework; path = System/Library/Frameworks/Security.framework; sourceTree = SDKROOT; };
		4D9AC4371C84218400E923CC /* libsqlite3.0.tbd */ = {isa = PBXFileReference; lastKnownFileType = "sourcecode.text-based-dylib-definition"; name = libsqlite3.0.tbd; path = usr/lib/libsqlite3.0.tbd; sourceTree = SDKROOT; };
		4D9AC4391C84218D00E923CC /* CoreTelephony.framework */ = {isa = PBXFileReference; lastKnownFileType = wrapper.framework; name = CoreTelephony.framework; path = System/Library/Frameworks/CoreTelephony.framework; sourceTree = SDKROOT; };
		4D9AC43B1C84219500E923CC /* libstdc++.6.0.9.tbd */ = {isa = PBXFileReference; lastKnownFileType = "sourcecode.text-based-dylib-definition"; name = "libstdc++.6.0.9.tbd"; path = "usr/lib/libstdc++.6.0.9.tbd"; sourceTree = SDKROOT; };
		4D9AC43D1C8421D700E923CC /* mapapi.bundle */ = {isa = PBXFileReference; lastKnownFileType = "wrapper.plug-in"; name = mapapi.bundle; path = EasyStopCar/framework/BaiduMap_IOSSDK_v2.10.0_Lib/BaiduMapAPI_Map.framework/Resources/mapapi.bundle; sourceTree = "<group>"; };
		4D9AC43F1C8423DA00E923CC /* UITempletViewController.h */ = {isa = PBXFileReference; fileEncoding = 4; lastKnownFileType = sourcecode.c.h; path = UITempletViewController.h; sourceTree = "<group>"; };
		4D9AC4401C8423DA00E923CC /* UITempletViewController.m */ = {isa = PBXFileReference; fileEncoding = 4; lastKnownFileType = sourcecode.c.objc; path = UITempletViewController.m; sourceTree = "<group>"; };
		4D9AC4431C84242E00E923CC /* SearchPartMapController.h */ = {isa = PBXFileReference; fileEncoding = 4; lastKnownFileType = sourcecode.c.h; path = SearchPartMapController.h; sourceTree = "<group>"; };
		4D9AC4441C84242E00E923CC /* SearchPartMapController.mm */ = {isa = PBXFileReference; fileEncoding = 4; lastKnownFileType = sourcecode.cpp.objcpp; path = SearchPartMapController.mm; sourceTree = "<group>"; };
		4D9AC4471C84266A00E923CC /* Define.h */ = {isa = PBXFileReference; fileEncoding = 4; lastKnownFileType = sourcecode.c.h; path = Define.h; sourceTree = "<group>"; };
		4D9C5E6E1C89590D00543681 /* Connetion.m */ = {isa = PBXFileReference; fileEncoding = 4; lastKnownFileType = sourcecode.c.objc; name = Connetion.m; path = Common/Connetion.m; sourceTree = "<group>"; };
		4D9C5E6F1C89590D00543681 /* Connetion.h */ = {isa = PBXFileReference; fileEncoding = 4; lastKnownFileType = sourcecode.c.h; name = Connetion.h; path = Common/Connetion.h; sourceTree = "<group>"; };
		4D9C5E711C895BF800543681 /* libAFNetworking.a */ = {isa = PBXFileReference; lastKnownFileType = archive.ar; name = libAFNetworking.a; path = "Pods/../build/Debug-iphoneos/libAFNetworking.a"; sourceTree = "<group>"; };
		4D9C5E721C895BF800543681 /* libSVProgressHUD.a */ = {isa = PBXFileReference; lastKnownFileType = archive.ar; name = libSVProgressHUD.a; path = "Pods/../build/Debug-iphoneos/libSVProgressHUD.a"; sourceTree = "<group>"; };
		4D9C5E751C89643500543681 /* SearchAppointSelectController.h */ = {isa = PBXFileReference; fileEncoding = 4; lastKnownFileType = sourcecode.c.h; path = SearchAppointSelectController.h; sourceTree = "<group>"; };
		4D9C5E761C89643500543681 /* SearchAppointSelectController.m */ = {isa = PBXFileReference; fileEncoding = 4; lastKnownFileType = sourcecode.c.objc; path = SearchAppointSelectController.m; sourceTree = "<group>"; };
		4DB94A271C87D2AD0003AC08 /* libWeChatSDK.a */ = {isa = PBXFileReference; lastKnownFileType = archive.ar; name = libWeChatSDK.a; path = Common/WeChat/libWeChatSDK.a; sourceTree = "<group>"; };
		4DB94A281C87D2AD0003AC08 /* WXApi.h */ = {isa = PBXFileReference; fileEncoding = 4; lastKnownFileType = sourcecode.c.h; name = WXApi.h; path = Common/WeChat/WXApi.h; sourceTree = "<group>"; };
		4DB94A291C87D2AD0003AC08 /* WXApiObject.h */ = {isa = PBXFileReference; fileEncoding = 4; lastKnownFileType = sourcecode.c.h; name = WXApiObject.h; path = Common/WeChat/WXApiObject.h; sourceTree = "<group>"; };
		4DB94A2B1C87D5FC0003AC08 /* WXApiManager.h */ = {isa = PBXFileReference; fileEncoding = 4; lastKnownFileType = sourcecode.c.h; path = WXApiManager.h; sourceTree = "<group>"; };
		4DB94A2C1C87D5FC0003AC08 /* WXApiManager.m */ = {isa = PBXFileReference; fileEncoding = 4; lastKnownFileType = sourcecode.c.objc; path = WXApiManager.m; sourceTree = "<group>"; };
		4DB94A2E1C8813880003AC08 /* SearchAppointController.h */ = {isa = PBXFileReference; fileEncoding = 4; lastKnownFileType = sourcecode.c.h; path = SearchAppointController.h; sourceTree = "<group>"; };
		4DB94A2F1C8813880003AC08 /* SearchAppointController.m */ = {isa = PBXFileReference; fileEncoding = 4; lastKnownFileType = sourcecode.c.objc; path = SearchAppointController.m; sourceTree = "<group>"; };
		4DB94A311C88182D0003AC08 /* SearchAppointCell.h */ = {isa = PBXFileReference; fileEncoding = 4; lastKnownFileType = sourcecode.c.h; path = SearchAppointCell.h; sourceTree = "<group>"; };
		4DB94A321C88182D0003AC08 /* SearchAppointCell.m */ = {isa = PBXFileReference; fileEncoding = 4; lastKnownFileType = sourcecode.c.objc; path = SearchAppointCell.m; sourceTree = "<group>"; };
		4DB94A351C8820110003AC08 /* LoginController.h */ = {isa = PBXFileReference; fileEncoding = 4; lastKnownFileType = sourcecode.c.h; path = LoginController.h; sourceTree = "<group>"; };
		4DB94A361C8820110003AC08 /* LoginController.m */ = {isa = PBXFileReference; fileEncoding = 4; lastKnownFileType = sourcecode.c.objc; path = LoginController.m; sourceTree = "<group>"; };
		4DB94A381C8822200003AC08 /* InputItemModel.h */ = {isa = PBXFileReference; fileEncoding = 4; lastKnownFileType = sourcecode.c.h; name = InputItemModel.h; path = Common/InputItemModel.h; sourceTree = "<group>"; };
		4DB94A391C8822200003AC08 /* InputItemModel.m */ = {isa = PBXFileReference; fileEncoding = 4; lastKnownFileType = sourcecode.c.objc; name = InputItemModel.m; path = Common/InputItemModel.m; sourceTree = "<group>"; };
		4DB94A3B1C882CA80003AC08 /* UserCenterController.h */ = {isa = PBXFileReference; fileEncoding = 4; lastKnownFileType = sourcecode.c.h; path = UserCenterController.h; sourceTree = "<group>"; };
		4DB94A3C1C882CA80003AC08 /* UserCenterController.m */ = {isa = PBXFileReference; fileEncoding = 4; lastKnownFileType = sourcecode.c.objc; path = UserCenterController.m; sourceTree = "<group>"; };
		4DB94A3E1C882EB30003AC08 /* ProfileCell.h */ = {isa = PBXFileReference; fileEncoding = 4; lastKnownFileType = sourcecode.c.h; path = ProfileCell.h; sourceTree = "<group>"; };
		4DB94A3F1C882EB30003AC08 /* ProfileCell.m */ = {isa = PBXFileReference; fileEncoding = 4; lastKnownFileType = sourcecode.c.objc; path = ProfileCell.m; sourceTree = "<group>"; };
		4DB94A411C8836370003AC08 /* UserInfoCell.h */ = {isa = PBXFileReference; fileEncoding = 4; lastKnownFileType = sourcecode.c.h; path = UserInfoCell.h; sourceTree = "<group>"; };
		4DB94A421C8836370003AC08 /* UserInfoCell.m */ = {isa = PBXFileReference; fileEncoding = 4; lastKnownFileType = sourcecode.c.objc; path = UserInfoCell.m; sourceTree = "<group>"; };
		4DB94A441C8836850003AC08 /* UserInfoController.h */ = {isa = PBXFileReference; fileEncoding = 4; lastKnownFileType = sourcecode.c.h; path = UserInfoController.h; sourceTree = "<group>"; };
		4DB94A451C8836850003AC08 /* UserInfoController.m */ = {isa = PBXFileReference; fileEncoding = 4; lastKnownFileType = sourcecode.c.objc; path = UserInfoController.m; sourceTree = "<group>"; };
		4DB94A471C884D0D0003AC08 /* EditTextController.h */ = {isa = PBXFileReference; fileEncoding = 4; lastKnownFileType = sourcecode.c.h; path = EditTextController.h; sourceTree = "<group>"; };
		4DB94A481C884D0D0003AC08 /* EditTextController.m */ = {isa = PBXFileReference; fileEncoding = 4; lastKnownFileType = sourcecode.c.objc; path = EditTextController.m; sourceTree = "<group>"; };
		4DB94A4A1C8851DF0003AC08 /* EditSeleceController.h */ = {isa = PBXFileReference; fileEncoding = 4; lastKnownFileType = sourcecode.c.h; path = EditSeleceController.h; sourceTree = "<group>"; };
		4DB94A4B1C8851DF0003AC08 /* EditSeleceController.m */ = {isa = PBXFileReference; fileEncoding = 4; lastKnownFileType = sourcecode.c.objc; path = EditSeleceController.m; sourceTree = "<group>"; };
		4DB94A4D1C8852BD0003AC08 /* EditSelectCell.h */ = {isa = PBXFileReference; fileEncoding = 4; lastKnownFileType = sourcecode.c.h; path = EditSelectCell.h; sourceTree = "<group>"; };
		4DB94A4E1C8852BD0003AC08 /* EditSelectCell.m */ = {isa = PBXFileReference; fileEncoding = 4; lastKnownFileType = sourcecode.c.objc; path = EditSelectCell.m; sourceTree = "<group>"; };
		4DB95F991C86917B006B92F9 /* MRBlurView.h */ = {isa = PBXFileReference; fileEncoding = 4; lastKnownFileType = sourcecode.c.h; path = MRBlurView.h; sourceTree = "<group>"; };
		4DB95F9A1C86917B006B92F9 /* MRBlurView.m */ = {isa = PBXFileReference; fileEncoding = 4; lastKnownFileType = sourcecode.c.objc; path = MRBlurView.m; sourceTree = "<group>"; };
		4DB95F9B1C86917B006B92F9 /* UIImage+MRImageEffects.h */ = {isa = PBXFileReference; fileEncoding = 4; lastKnownFileType = sourcecode.c.h; path = "UIImage+MRImageEffects.h"; sourceTree = "<group>"; };
		4DB95F9C1C86917B006B92F9 /* UIImage+MRImageEffects.m */ = {isa = PBXFileReference; fileEncoding = 4; lastKnownFileType = sourcecode.c.objc; path = "UIImage+MRImageEffects.m"; sourceTree = "<group>"; };
		4DB95F9E1C86917B006B92F9 /* MRActivityIndicatorView.h */ = {isa = PBXFileReference; fileEncoding = 4; lastKnownFileType = sourcecode.c.h; path = MRActivityIndicatorView.h; sourceTree = "<group>"; };
		4DB95F9F1C86917B006B92F9 /* MRActivityIndicatorView.m */ = {isa = PBXFileReference; fileEncoding = 4; lastKnownFileType = sourcecode.c.objc; path = MRActivityIndicatorView.m; sourceTree = "<group>"; };
		4DB95FA01C86917B006B92F9 /* MRCircularProgressView.h */ = {isa = PBXFileReference; fileEncoding = 4; lastKnownFileType = sourcecode.c.h; path = MRCircularProgressView.h; sourceTree = "<group>"; };
		4DB95FA11C86917B006B92F9 /* MRCircularProgressView.m */ = {isa = PBXFileReference; fileEncoding = 4; lastKnownFileType = sourcecode.c.objc; path = MRCircularProgressView.m; sourceTree = "<group>"; };
		4DB95FA21C86917B006B92F9 /* MRIconView.h */ = {isa = PBXFileReference; fileEncoding = 4; lastKnownFileType = sourcecode.c.h; path = MRIconView.h; sourceTree = "<group>"; };
		4DB95FA31C86917B006B92F9 /* MRIconView.m */ = {isa = PBXFileReference; fileEncoding = 4; lastKnownFileType = sourcecode.c.objc; path = MRIconView.m; sourceTree = "<group>"; };
		4DB95FA41C86917B006B92F9 /* MRNavigationBarProgressView.h */ = {isa = PBXFileReference; fileEncoding = 4; lastKnownFileType = sourcecode.c.h; path = MRNavigationBarProgressView.h; sourceTree = "<group>"; };
		4DB95FA51C86917B006B92F9 /* MRNavigationBarProgressView.m */ = {isa = PBXFileReference; fileEncoding = 4; lastKnownFileType = sourcecode.c.objc; path = MRNavigationBarProgressView.m; sourceTree = "<group>"; };
		4DB95FA61C86917B006B92F9 /* MRProgressOverlayView.h */ = {isa = PBXFileReference; fileEncoding = 4; lastKnownFileType = sourcecode.c.h; path = MRProgressOverlayView.h; sourceTree = "<group>"; };
		4DB95FA71C86917B006B92F9 /* MRProgressOverlayView.m */ = {isa = PBXFileReference; fileEncoding = 4; lastKnownFileType = sourcecode.c.objc; path = MRProgressOverlayView.m; sourceTree = "<group>"; };
		4DB95FA81C86917B006B92F9 /* MRProgressView.h */ = {isa = PBXFileReference; fileEncoding = 4; lastKnownFileType = sourcecode.c.h; path = MRProgressView.h; sourceTree = "<group>"; };
		4DB95FA91C86917B006B92F9 /* MRProgressView.m */ = {isa = PBXFileReference; fileEncoding = 4; lastKnownFileType = sourcecode.c.objc; path = MRProgressView.m; sourceTree = "<group>"; };
		4DB95FAA1C86917B006B92F9 /* MRStopableView.h */ = {isa = PBXFileReference; fileEncoding = 4; lastKnownFileType = sourcecode.c.h; path = MRStopableView.h; sourceTree = "<group>"; };
		4DB95FAB1C86917B006B92F9 /* MRStopButton.h */ = {isa = PBXFileReference; fileEncoding = 4; lastKnownFileType = sourcecode.c.h; path = MRStopButton.h; sourceTree = "<group>"; };
		4DB95FAC1C86917B006B92F9 /* MRStopButton.m */ = {isa = PBXFileReference; fileEncoding = 4; lastKnownFileType = sourcecode.c.objc; path = MRStopButton.m; sourceTree = "<group>"; };
		4DB95FAD1C86917B006B92F9 /* MRProgress.h */ = {isa = PBXFileReference; fileEncoding = 4; lastKnownFileType = sourcecode.c.h; path = MRProgress.h; sourceTree = "<group>"; };
		4DB95FAF1C86917B006B92F9 /* MRMessageInterceptor.h */ = {isa = PBXFileReference; fileEncoding = 4; lastKnownFileType = sourcecode.c.h; path = MRMessageInterceptor.h; sourceTree = "<group>"; };
		4DB95FB01C86917B006B92F9 /* MRMessageInterceptor.m */ = {isa = PBXFileReference; fileEncoding = 4; lastKnownFileType = sourcecode.c.objc; path = MRMessageInterceptor.m; sourceTree = "<group>"; };
		4DB95FB11C86917B006B92F9 /* MRMethodCopier.h */ = {isa = PBXFileReference; fileEncoding = 4; lastKnownFileType = sourcecode.c.h; path = MRMethodCopier.h; sourceTree = "<group>"; };
		4DB95FB21C86917B006B92F9 /* MRMethodCopier.m */ = {isa = PBXFileReference; fileEncoding = 4; lastKnownFileType = sourcecode.c.objc; path = MRMethodCopier.m; sourceTree = "<group>"; };
		4DB95FB31C86917B006B92F9 /* MRProgressHelper.h */ = {isa = PBXFileReference; fileEncoding = 4; lastKnownFileType = sourcecode.c.h; path = MRProgressHelper.h; sourceTree = "<group>"; };
		4DB95FB41C86917B006B92F9 /* MRWeakProxy.h */ = {isa = PBXFileReference; fileEncoding = 4; lastKnownFileType = sourcecode.c.h; path = MRWeakProxy.h; sourceTree = "<group>"; };
		4DB95FB51C86917B006B92F9 /* MRWeakProxy.m */ = {isa = PBXFileReference; fileEncoding = 4; lastKnownFileType = sourcecode.c.objc; path = MRWeakProxy.m; sourceTree = "<group>"; };
		4DB95FC21C86C011006B92F9 /* OrderPayController.h */ = {isa = PBXFileReference; fileEncoding = 4; lastKnownFileType = sourcecode.c.h; path = OrderPayController.h; sourceTree = "<group>"; };
		4DB95FC31C86C011006B92F9 /* OrderPayController.m */ = {isa = PBXFileReference; fileEncoding = 4; lastKnownFileType = sourcecode.c.objc; path = OrderPayController.m; sourceTree = "<group>"; };
		4DB95FC51C86E757006B92F9 /* OrderPayCompleteController.h */ = {isa = PBXFileReference; fileEncoding = 4; lastKnownFileType = sourcecode.c.h; path = OrderPayCompleteController.h; sourceTree = "<group>"; };
		4DB95FC61C86E757006B92F9 /* OrderPayCompleteController.m */ = {isa = PBXFileReference; fileEncoding = 4; lastKnownFileType = sourcecode.c.objc; path = OrderPayCompleteController.m; sourceTree = "<group>"; };
		4DC3F3321C8EEE3D002A268C /* MemberAccountViewController.h */ = {isa = PBXFileReference; fileEncoding = 4; lastKnownFileType = sourcecode.c.h; path = MemberAccountViewController.h; sourceTree = "<group>"; };
		4DC3F3331C8EEE3D002A268C /* MemberAccountViewController.m */ = {isa = PBXFileReference; fileEncoding = 4; lastKnownFileType = sourcecode.c.objc; path = MemberAccountViewController.m; sourceTree = "<group>"; };
		4DC3F3351C8EEEB4002A268C /* MemberAccountCell.h */ = {isa = PBXFileReference; fileEncoding = 4; lastKnownFileType = sourcecode.c.h; path = MemberAccountCell.h; sourceTree = "<group>"; };
		4DC3F3361C8EEEB4002A268C /* MemberAccountCell.m */ = {isa = PBXFileReference; fileEncoding = 4; lastKnownFileType = sourcecode.c.objc; path = MemberAccountCell.m; sourceTree = "<group>"; };
		4DC690A71C8982E7006B4DDF /* OrderPayDetailController.h */ = {isa = PBXFileReference; fileEncoding = 4; lastKnownFileType = sourcecode.c.h; path = OrderPayDetailController.h; sourceTree = "<group>"; };
		4DC690A81C8982E7006B4DDF /* OrderPayDetailController.m */ = {isa = PBXFileReference; fileEncoding = 4; lastKnownFileType = sourcecode.c.objc; path = OrderPayDetailController.m; sourceTree = "<group>"; };
		4DC690AA1C8988A3006B4DDF /* PayDetailCell.h */ = {isa = PBXFileReference; fileEncoding = 4; lastKnownFileType = sourcecode.c.h; path = PayDetailCell.h; sourceTree = "<group>"; };
		4DC690AB1C8988A3006B4DDF /* PayDetailCell.m */ = {isa = PBXFileReference; fileEncoding = 4; lastKnownFileType = sourcecode.c.objc; path = PayDetailCell.m; sourceTree = "<group>"; };
		4DCCA50F1C8440CC00965C21 /* YHR_PageControl.h */ = {isa = PBXFileReference; fileEncoding = 4; lastKnownFileType = sourcecode.c.h; path = YHR_PageControl.h; sourceTree = "<group>"; };
		4DCCA5101C8440CC00965C21 /* YHR_PageControl.m */ = {isa = PBXFileReference; fileEncoding = 4; lastKnownFileType = sourcecode.c.objc; path = YHR_PageControl.m; sourceTree = "<group>"; };
		4DCCA5131C84426200965C21 /* test_picture.jpg */ = {isa = PBXFileReference; lastKnownFileType = image.jpeg; path = test_picture.jpg; sourceTree = "<group>"; };
		4DCCA5161C8455B600965C21 /* HomeCell.h */ = {isa = PBXFileReference; fileEncoding = 4; lastKnownFileType = sourcecode.c.h; path = HomeCell.h; sourceTree = "<group>"; };
		4DCCA5171C8455B600965C21 /* HomeCell.m */ = {isa = PBXFileReference; fileEncoding = 4; lastKnownFileType = sourcecode.c.objc; path = HomeCell.m; sourceTree = "<group>"; };
		4DCF9F701C8D6C9900FBBA24 /* test_banner.png */ = {isa = PBXFileReference; lastKnownFileType = image.png; path = test_banner.png; sourceTree = "<group>"; };
		4DE57E911C8521A50087D79F /* SearchPartController.h */ = {isa = PBXFileReference; fileEncoding = 4; lastKnownFileType = sourcecode.c.h; path = SearchPartController.h; sourceTree = "<group>"; };
		4DE57E921C8521A50087D79F /* SearchPartController.m */ = {isa = PBXFileReference; fileEncoding = 4; lastKnownFileType = sourcecode.c.objc; path = SearchPartController.m; sourceTree = "<group>"; };
		4DE57E941C852C3A0087D79F /* SearchPartCell.h */ = {isa = PBXFileReference; fileEncoding = 4; lastKnownFileType = sourcecode.c.h; path = SearchPartCell.h; sourceTree = "<group>"; };
		4DE57E951C852C3A0087D79F /* SearchPartCell.m */ = {isa = PBXFileReference; fileEncoding = 4; lastKnownFileType = sourcecode.c.objc; path = SearchPartCell.m; sourceTree = "<group>"; };
		4DE57E971C8539170087D79F /* CommonTools.h */ = {isa = PBXFileReference; fileEncoding = 4; lastKnownFileType = sourcecode.c.h; path = CommonTools.h; sourceTree = "<group>"; };
		4DE57E981C8539170087D79F /* CommonTools.m */ = {isa = PBXFileReference; fileEncoding = 4; lastKnownFileType = sourcecode.c.objc; path = CommonTools.m; sourceTree = "<group>"; };
		4DE57EA11C85A3EA0087D79F /* OrderDetailController.h */ = {isa = PBXFileReference; fileEncoding = 4; lastKnownFileType = sourcecode.c.h; path = OrderDetailController.h; sourceTree = "<group>"; };
		4DE57EA21C85A3EA0087D79F /* OrderDetailController.m */ = {isa = PBXFileReference; fileEncoding = 4; lastKnownFileType = sourcecode.c.objc; path = OrderDetailController.m; sourceTree = "<group>"; };
		AF30E22EBCA7C9B547958742 /* Pods.release.xcconfig */ = {isa = PBXFileReference; includeInIndex = 1; lastKnownFileType = text.xcconfig; name = Pods.release.xcconfig; path = "Pods/Target Support Files/Pods/Pods.release.xcconfig"; sourceTree = "<group>"; };
		D16F12F38E497BA16ED5BCCD /* Pods.debug.xcconfig */ = {isa = PBXFileReference; includeInIndex = 1; lastKnownFileType = text.xcconfig; name = Pods.debug.xcconfig; path = "Pods/Target Support Files/Pods/Pods.debug.xcconfig"; sourceTree = "<group>"; };
		E8BE385F8525FBDF9100DEF3 /* libPods.a */ = {isa = PBXFileReference; explicitFileType = archive.ar; includeInIndex = 0; path = libPods.a; sourceTree = BUILT_PRODUCTS_DIR; };
/* End PBXFileReference section */

/* Begin PBXFrameworksBuildPhase section */
		4D9AC3C31C83E20E00E923CC /* Frameworks */ = {
			isa = PBXFrameworksBuildPhase;
			buildActionMask = 2147483647;
			files = (
				4D9C5E731C895BF800543681 /* libAFNetworking.a in Frameworks */,
				4D9C5E741C895BF800543681 /* libSVProgressHUD.a in Frameworks */,
				4D9AC43C1C84219500E923CC /* libstdc++.6.0.9.tbd in Frameworks */,
				4D9AC43A1C84218D00E923CC /* CoreTelephony.framework in Frameworks */,
				4DB94A2A1C87D2AD0003AC08 /* libWeChatSDK.a in Frameworks */,
				4D9AC4381C84218400E923CC /* libsqlite3.0.tbd in Frameworks */,
				4D9AC4361C84216000E923CC /* Security.framework in Frameworks */,
				4D9AC4341C84215A00E923CC /* CoreGraphics.framework in Frameworks */,
				4D9AC4321C84215100E923CC /* SystemConfiguration.framework in Frameworks */,
				4D9AC4301C84214B00E923CC /* OpenGLES.framework in Frameworks */,
				4D9AC42E1C84214300E923CC /* QuartzCore.framework in Frameworks */,
				4D9AC42C1C84213B00E923CC /* CoreLocation.framework in Frameworks */,
				4D9AC4261C841F5600E923CC /* BaiduMapAPI_Location.framework in Frameworks */,
				4D9AC4271C841F5600E923CC /* BaiduMapAPI_Map.framework in Frameworks */,
				4D9AC4281C841F5600E923CC /* BaiduMapAPI_Search.framework in Frameworks */,
				4D9AC4291C841F5600E923CC /* BaiduMapAPI_Utils.framework in Frameworks */,
				4D9AC42A1C841F5600E923CC /* BaiduMapAPI_Base.framework in Frameworks */,
				EC26043A7EA5936A06555FFE /* libPods.a in Frameworks */,
			);
			runOnlyForDeploymentPostprocessing = 0;
		};
		4D9AC3DC1C83E20E00E923CC /* Frameworks */ = {
			isa = PBXFrameworksBuildPhase;
			buildActionMask = 2147483647;
			files = (
			);
			runOnlyForDeploymentPostprocessing = 0;
		};
		4D9AC3E71C83E20E00E923CC /* Frameworks */ = {
			isa = PBXFrameworksBuildPhase;
			buildActionMask = 2147483647;
			files = (
			);
			runOnlyForDeploymentPostprocessing = 0;
		};
/* End PBXFrameworksBuildPhase section */

/* Begin PBXGroup section */
		4D9AC3BD1C83E20D00E923CC = {
			isa = PBXGroup;
			children = (
				4D9AC3C81C83E20E00E923CC /* EasyStopCar */,
				4D9AC43D1C8421D700E923CC /* mapapi.bundle */,
				4D9AC43B1C84219500E923CC /* libstdc++.6.0.9.tbd */,
				4D9AC4391C84218D00E923CC /* CoreTelephony.framework */,
				4D9AC4371C84218400E923CC /* libsqlite3.0.tbd */,
				4D9AC4351C84216000E923CC /* Security.framework */,
				4D9AC4331C84215A00E923CC /* CoreGraphics.framework */,
				4D9AC4311C84215100E923CC /* SystemConfiguration.framework */,
				4D9AC42F1C84214B00E923CC /* OpenGLES.framework */,
				4D9AC42D1C84214300E923CC /* QuartzCore.framework */,
				4D9AC42B1C84213B00E923CC /* CoreLocation.framework */,
				4D9AC4211C841F5600E923CC /* BaiduMapAPI_Location.framework */,
				4D9AC4221C841F5600E923CC /* BaiduMapAPI_Map.framework */,
				4D9AC4231C841F5600E923CC /* BaiduMapAPI_Search.framework */,
				4D9AC4241C841F5600E923CC /* BaiduMapAPI_Utils.framework */,
				4D9AC4251C841F5600E923CC /* BaiduMapAPI_Base.framework */,
				4D9AC3E21C83E20E00E923CC /* EasyStopCarTests */,
				4D9AC3ED1C83E20E00E923CC /* EasyStopCarUITests */,
				4D9AC3C71C83E20E00E923CC /* Products */,
				FD0D37041BDE2A89EA60BEB4 /* Pods */,
				D5F428B09E27D5D3BE28DB26 /* Frameworks */,
			);
			sourceTree = "<group>";
		};
		4D9AC3C71C83E20E00E923CC /* Products */ = {
			isa = PBXGroup;
			children = (
				4D9AC3C61C83E20E00E923CC /* EasyStopCar.app */,
				4D9AC3DF1C83E20E00E923CC /* EasyStopCarTests.xctest */,
				4D9AC3EA1C83E20E00E923CC /* EasyStopCarUITests.xctest */,
			);
			name = Products;
			sourceTree = "<group>";
		};
		4D9AC3C81C83E20E00E923CC /* EasyStopCar */ = {
			isa = PBXGroup;
			children = (
				4D9AC4461C84265C00E923CC /* Common */,
				4DB94A341C881FF00003AC08 /* User */,
				4DCCA5151C84558C00965C21 /* CustomCell */,
				4DE57EA01C85A3D20087D79F /* Order */,
				4D9AC4421C8423FA00E923CC /* Search */,
				4D9AC3CC1C83E20E00E923CC /* AppDelegate.h */,
				4D9AC3CD1C83E20E00E923CC /* AppDelegate.m */,
				4D9AC43F1C8423DA00E923CC /* UITempletViewController.h */,
				4D9AC4401C8423DA00E923CC /* UITempletViewController.m */,
				4D9AC3CF1C83E20E00E923CC /* ViewController.h */,
				4D9AC3D01C83E20E00E923CC /* ViewController.m */,
				4D9AC3D21C83E20E00E923CC /* Main.storyboard */,
				4D9AC3D51C83E20E00E923CC /* Assets.xcassets */,
				4D9AC3D71C83E20E00E923CC /* LaunchScreen.storyboard */,
				4D9AC3DA1C83E20E00E923CC /* Info.plist */,
				4DCCA5121C84421E00965C21 /* Resource */,
				4D9AC3C91C83E20E00E923CC /* Supporting Files */,
			);
			path = EasyStopCar;
			sourceTree = "<group>";
		};
		4D9AC3C91C83E20E00E923CC /* Supporting Files */ = {
			isa = PBXGroup;
			children = (
				4D9AC3CA1C83E20E00E923CC /* main.m */,
			);
			name = "Supporting Files";
			sourceTree = "<group>";
		};
		4D9AC3E21C83E20E00E923CC /* EasyStopCarTests */ = {
			isa = PBXGroup;
			children = (
				4D9AC3E31C83E20E00E923CC /* EasyStopCarTests.m */,
				4D9AC3E51C83E20E00E923CC /* Info.plist */,
			);
			path = EasyStopCarTests;
			sourceTree = "<group>";
		};
		4D9AC3ED1C83E20E00E923CC /* EasyStopCarUITests */ = {
			isa = PBXGroup;
			children = (
				4D9AC3EE1C83E20E00E923CC /* EasyStopCarUITests.m */,
				4D9AC3F01C83E20E00E923CC /* Info.plist */,
			);
			path = EasyStopCarUITests;
			sourceTree = "<group>";
		};
		4D9AC4421C8423FA00E923CC /* Search */ = {
			isa = PBXGroup;
			children = (
				4D9AC4431C84242E00E923CC /* SearchPartMapController.h */,
				4D9AC4441C84242E00E923CC /* SearchPartMapController.mm */,
				4DE57E911C8521A50087D79F /* SearchPartController.h */,
				4DE57E921C8521A50087D79F /* SearchPartController.m */,
				4DB94A2E1C8813880003AC08 /* SearchAppointController.h */,
				4DB94A2F1C8813880003AC08 /* SearchAppointController.m */,
				4D9C5E751C89643500543681 /* SearchAppointSelectController.h */,
				4D9C5E761C89643500543681 /* SearchAppointSelectController.m */,
			);
			name = Search;
			sourceTree = "<group>";
		};
		4D9AC4461C84265C00E923CC /* Common */ = {
			isa = PBXGroup;
			children = (
				4DB94A261C87D2A10003AC08 /* WeChat */,
				4DB95F971C86917B006B92F9 /* MRProgress */,
				4D9AC4471C84266A00E923CC /* Define.h */,
				4D9C5E6F1C89590D00543681 /* Connetion.h */,
				4D9C5E6E1C89590D00543681 /* Connetion.m */,
				4DCCA50F1C8440CC00965C21 /* YHR_PageControl.h */,
				4DCCA5101C8440CC00965C21 /* YHR_PageControl.m */,
				4DE57E971C8539170087D79F /* CommonTools.h */,
				4DE57E981C8539170087D79F /* CommonTools.m */,
				4DB94A381C8822200003AC08 /* InputItemModel.h */,
				4DB94A391C8822200003AC08 /* InputItemModel.m */,
			);
			name = Common;
			sourceTree = "<group>";
		};
		4DB94A261C87D2A10003AC08 /* WeChat */ = {
			isa = PBXGroup;
			children = (
				4DB94A2B1C87D5FC0003AC08 /* WXApiManager.h */,
				4DB94A2C1C87D5FC0003AC08 /* WXApiManager.m */,
				4DB94A271C87D2AD0003AC08 /* libWeChatSDK.a */,
				4DB94A281C87D2AD0003AC08 /* WXApi.h */,
				4DB94A291C87D2AD0003AC08 /* WXApiObject.h */,
			);
			name = WeChat;
			sourceTree = "<group>";
		};
		4DB94A341C881FF00003AC08 /* User */ = {
			isa = PBXGroup;
			children = (
				4DB94A351C8820110003AC08 /* LoginController.h */,
				4DB94A361C8820110003AC08 /* LoginController.m */,
				4DB94A3B1C882CA80003AC08 /* UserCenterController.h */,
				4DB94A3C1C882CA80003AC08 /* UserCenterController.m */,
				4DB94A441C8836850003AC08 /* UserInfoController.h */,
				4DB94A451C8836850003AC08 /* UserInfoController.m */,
				4DB94A471C884D0D0003AC08 /* EditTextController.h */,
				4DB94A481C884D0D0003AC08 /* EditTextController.m */,
				4DB94A4A1C8851DF0003AC08 /* EditSeleceController.h */,
				4DB94A4B1C8851DF0003AC08 /* EditSeleceController.m */,
				4DC3F3321C8EEE3D002A268C /* MemberAccountViewController.h */,
				4DC3F3331C8EEE3D002A268C /* MemberAccountViewController.m */,
				4D198C881C8FAC9700442C67 /* OrderListController.h */,
				4D198C891C8FAC9700442C67 /* OrderListController.m */,
				4D198C8B1C8FB1C300442C67 /* CouponController.h */,
				4D198C8C1C8FB1C300442C67 /* CouponController.m */,
				4D198C911C8FC67000442C67 /* SettingController.h */,
				4D198C921C8FC67000442C67 /* SettingController.m */,
			);
			name = User;
			sourceTree = "<group>";
		};
		4DB95F971C86917B006B92F9 /* MRProgress */ = {
			isa = PBXGroup;
			children = (
				4DB95F981C86917B006B92F9 /* Blur */,
				4DB95F9D1C86917B006B92F9 /* Components */,
				4DB95FAD1C86917B006B92F9 /* MRProgress.h */,
				4DB95FAE1C86917B006B92F9 /* Utils */,
			);
			name = MRProgress;
			path = Common/MRProgress;
			sourceTree = "<group>";
		};
		4DB95F981C86917B006B92F9 /* Blur */ = {
			isa = PBXGroup;
			children = (
				4DB95F991C86917B006B92F9 /* MRBlurView.h */,
				4DB95F9A1C86917B006B92F9 /* MRBlurView.m */,
				4DB95F9B1C86917B006B92F9 /* UIImage+MRImageEffects.h */,
				4DB95F9C1C86917B006B92F9 /* UIImage+MRImageEffects.m */,
			);
			path = Blur;
			sourceTree = "<group>";
		};
		4DB95F9D1C86917B006B92F9 /* Components */ = {
			isa = PBXGroup;
			children = (
				4DB95F9E1C86917B006B92F9 /* MRActivityIndicatorView.h */,
				4DB95F9F1C86917B006B92F9 /* MRActivityIndicatorView.m */,
				4DB95FA01C86917B006B92F9 /* MRCircularProgressView.h */,
				4DB95FA11C86917B006B92F9 /* MRCircularProgressView.m */,
				4DB95FA21C86917B006B92F9 /* MRIconView.h */,
				4DB95FA31C86917B006B92F9 /* MRIconView.m */,
				4DB95FA41C86917B006B92F9 /* MRNavigationBarProgressView.h */,
				4DB95FA51C86917B006B92F9 /* MRNavigationBarProgressView.m */,
				4DB95FA61C86917B006B92F9 /* MRProgressOverlayView.h */,
				4DB95FA71C86917B006B92F9 /* MRProgressOverlayView.m */,
				4DB95FA81C86917B006B92F9 /* MRProgressView.h */,
				4DB95FA91C86917B006B92F9 /* MRProgressView.m */,
				4DB95FAA1C86917B006B92F9 /* MRStopableView.h */,
				4DB95FAB1C86917B006B92F9 /* MRStopButton.h */,
				4DB95FAC1C86917B006B92F9 /* MRStopButton.m */,
			);
			path = Components;
			sourceTree = "<group>";
		};
		4DB95FAE1C86917B006B92F9 /* Utils */ = {
			isa = PBXGroup;
			children = (
				4DB95FAF1C86917B006B92F9 /* MRMessageInterceptor.h */,
				4DB95FB01C86917B006B92F9 /* MRMessageInterceptor.m */,
				4DB95FB11C86917B006B92F9 /* MRMethodCopier.h */,
				4DB95FB21C86917B006B92F9 /* MRMethodCopier.m */,
				4DB95FB31C86917B006B92F9 /* MRProgressHelper.h */,
				4DB95FB41C86917B006B92F9 /* MRWeakProxy.h */,
				4DB95FB51C86917B006B92F9 /* MRWeakProxy.m */,
			);
			path = Utils;
			sourceTree = "<group>";
		};
		4DCCA5121C84421E00965C21 /* Resource */ = {
			isa = PBXGroup;
			children = (
				4DCF9F701C8D6C9900FBBA24 /* test_banner.png */,
				4DCCA5131C84426200965C21 /* test_picture.jpg */,
			);
			name = Resource;
			sourceTree = "<group>";
		};
		4DCCA5151C84558C00965C21 /* CustomCell */ = {
			isa = PBXGroup;
			children = (
				4DB94A3E1C882EB30003AC08 /* ProfileCell.h */,
				4DB94A3F1C882EB30003AC08 /* ProfileCell.m */,
				4DCCA5161C8455B600965C21 /* HomeCell.h */,
				4DCCA5171C8455B600965C21 /* HomeCell.m */,
				4DE57E941C852C3A0087D79F /* SearchPartCell.h */,
				4DE57E951C852C3A0087D79F /* SearchPartCell.m */,
				4DB94A311C88182D0003AC08 /* SearchAppointCell.h */,
				4DB94A321C88182D0003AC08 /* SearchAppointCell.m */,
				4DB94A411C8836370003AC08 /* UserInfoCell.h */,
				4DB94A421C8836370003AC08 /* UserInfoCell.m */,
				4DB94A4D1C8852BD0003AC08 /* EditSelectCell.h */,
				4DB94A4E1C8852BD0003AC08 /* EditSelectCell.m */,
				4DC690AA1C8988A3006B4DDF /* PayDetailCell.h */,
				4DC690AB1C8988A3006B4DDF /* PayDetailCell.m */,
				4DC3F3351C8EEEB4002A268C /* MemberAccountCell.h */,
				4DC3F3361C8EEEB4002A268C /* MemberAccountCell.m */,
				4D198C8E1C8FB36A00442C67 /* CouponCell.h */,
				4D198C8F1C8FB36A00442C67 /* CouponCell.m */,
			);
			name = CustomCell;
			sourceTree = "<group>";
		};
		4DE57EA01C85A3D20087D79F /* Order */ = {
			isa = PBXGroup;
			children = (
				4DE57EA11C85A3EA0087D79F /* OrderDetailController.h */,
				4DE57EA21C85A3EA0087D79F /* OrderDetailController.m */,
				4DB95FC21C86C011006B92F9 /* OrderPayController.h */,
				4DB95FC31C86C011006B92F9 /* OrderPayController.m */,
				4DB95FC51C86E757006B92F9 /* OrderPayCompleteController.h */,
				4DB95FC61C86E757006B92F9 /* OrderPayCompleteController.m */,
				4DC690A71C8982E7006B4DDF /* OrderPayDetailController.h */,
				4DC690A81C8982E7006B4DDF /* OrderPayDetailController.m */,
			);
			name = Order;
			sourceTree = "<group>";
		};
		D5F428B09E27D5D3BE28DB26 /* Frameworks */ = {
			isa = PBXGroup;
			children = (
				4D9C5E711C895BF800543681 /* libAFNetworking.a */,
				4D9C5E721C895BF800543681 /* libSVProgressHUD.a */,
				E8BE385F8525FBDF9100DEF3 /* libPods.a */,
			);
			name = Frameworks;
			sourceTree = "<group>";
		};
		FD0D37041BDE2A89EA60BEB4 /* Pods */ = {
			isa = PBXGroup;
			children = (
				D16F12F38E497BA16ED5BCCD /* Pods.debug.xcconfig */,
				AF30E22EBCA7C9B547958742 /* Pods.release.xcconfig */,
			);
			name = Pods;
			sourceTree = "<group>";
		};
/* End PBXGroup section */

/* Begin PBXNativeTarget section */
		4D9AC3C51C83E20E00E923CC /* EasyStopCar */ = {
			isa = PBXNativeTarget;
			buildConfigurationList = 4D9AC3F31C83E20E00E923CC /* Build configuration list for PBXNativeTarget "EasyStopCar" */;
			buildPhases = (
				B0F3DBE0C823DA75056CD531 /* Check Pods Manifest.lock */,
				4D9AC3C21C83E20E00E923CC /* Sources */,
				4D9AC3C31C83E20E00E923CC /* Frameworks */,
				4D9AC3C41C83E20E00E923CC /* Resources */,
				1A01B21B7218E16F1328A2CA /* Embed Pods Frameworks */,
				84D587A775DC4D08199A093B /* Copy Pods Resources */,
			);
			buildRules = (
			);
			dependencies = (
			);
			name = EasyStopCar;
			productName = EasyStopCar;
			productReference = 4D9AC3C61C83E20E00E923CC /* EasyStopCar.app */;
			productType = "com.apple.product-type.application";
		};
		4D9AC3DE1C83E20E00E923CC /* EasyStopCarTests */ = {
			isa = PBXNativeTarget;
			buildConfigurationList = 4D9AC3F61C83E20E00E923CC /* Build configuration list for PBXNativeTarget "EasyStopCarTests" */;
			buildPhases = (
				4D9AC3DB1C83E20E00E923CC /* Sources */,
				4D9AC3DC1C83E20E00E923CC /* Frameworks */,
				4D9AC3DD1C83E20E00E923CC /* Resources */,
			);
			buildRules = (
			);
			dependencies = (
				4D9AC3E11C83E20E00E923CC /* PBXTargetDependency */,
			);
			name = EasyStopCarTests;
			productName = EasyStopCarTests;
			productReference = 4D9AC3DF1C83E20E00E923CC /* EasyStopCarTests.xctest */;
			productType = "com.apple.product-type.bundle.unit-test";
		};
		4D9AC3E91C83E20E00E923CC /* EasyStopCarUITests */ = {
			isa = PBXNativeTarget;
			buildConfigurationList = 4D9AC3F91C83E20E00E923CC /* Build configuration list for PBXNativeTarget "EasyStopCarUITests" */;
			buildPhases = (
				4D9AC3E61C83E20E00E923CC /* Sources */,
				4D9AC3E71C83E20E00E923CC /* Frameworks */,
				4D9AC3E81C83E20E00E923CC /* Resources */,
			);
			buildRules = (
			);
			dependencies = (
				4D9AC3EC1C83E20E00E923CC /* PBXTargetDependency */,
			);
			name = EasyStopCarUITests;
			productName = EasyStopCarUITests;
			productReference = 4D9AC3EA1C83E20E00E923CC /* EasyStopCarUITests.xctest */;
			productType = "com.apple.product-type.bundle.ui-testing";
		};
/* End PBXNativeTarget section */

/* Begin PBXProject section */
		4D9AC3BE1C83E20D00E923CC /* Project object */ = {
			isa = PBXProject;
			attributes = {
				LastUpgradeCheck = 0720;
				ORGANIZATIONNAME = Savvy;
				TargetAttributes = {
					4D9AC3C51C83E20E00E923CC = {
						CreatedOnToolsVersion = 7.2;
						DevelopmentTeam = Z8GK8U8PZ2;
					};
					4D9AC3DE1C83E20E00E923CC = {
						CreatedOnToolsVersion = 7.2;
						TestTargetID = 4D9AC3C51C83E20E00E923CC;
					};
					4D9AC3E91C83E20E00E923CC = {
						CreatedOnToolsVersion = 7.2;
						TestTargetID = 4D9AC3C51C83E20E00E923CC;
					};
				};
			};
			buildConfigurationList = 4D9AC3C11C83E20D00E923CC /* Build configuration list for PBXProject "EasyStopCar" */;
			compatibilityVersion = "Xcode 3.2";
			developmentRegion = English;
			hasScannedForEncodings = 0;
			knownRegions = (
				en,
				Base,
			);
			mainGroup = 4D9AC3BD1C83E20D00E923CC;
			productRefGroup = 4D9AC3C71C83E20E00E923CC /* Products */;
			projectDirPath = "";
			projectRoot = "";
			targets = (
				4D9AC3C51C83E20E00E923CC /* EasyStopCar */,
				4D9AC3DE1C83E20E00E923CC /* EasyStopCarTests */,
				4D9AC3E91C83E20E00E923CC /* EasyStopCarUITests */,
			);
		};
/* End PBXProject section */

/* Begin PBXResourcesBuildPhase section */
		4D9AC3C41C83E20E00E923CC /* Resources */ = {
			isa = PBXResourcesBuildPhase;
			buildActionMask = 2147483647;
			files = (
				4D9AC3D91C83E20E00E923CC /* LaunchScreen.storyboard in Resources */,
				4D9AC43E1C8421D700E923CC /* mapapi.bundle in Resources */,
				4D9AC3D61C83E20E00E923CC /* Assets.xcassets in Resources */,
				4D9AC3D41C83E20E00E923CC /* Main.storyboard in Resources */,
				4DCCA5141C84426200965C21 /* test_picture.jpg in Resources */,
				4DCF9F711C8D6C9900FBBA24 /* test_banner.png in Resources */,
			);
			runOnlyForDeploymentPostprocessing = 0;
		};
		4D9AC3DD1C83E20E00E923CC /* Resources */ = {
			isa = PBXResourcesBuildPhase;
			buildActionMask = 2147483647;
			files = (
			);
			runOnlyForDeploymentPostprocessing = 0;
		};
		4D9AC3E81C83E20E00E923CC /* Resources */ = {
			isa = PBXResourcesBuildPhase;
			buildActionMask = 2147483647;
			files = (
			);
			runOnlyForDeploymentPostprocessing = 0;
		};
/* End PBXResourcesBuildPhase section */

/* Begin PBXShellScriptBuildPhase section */
		1A01B21B7218E16F1328A2CA /* Embed Pods Frameworks */ = {
			isa = PBXShellScriptBuildPhase;
			buildActionMask = 2147483647;
			files = (
			);
			inputPaths = (
			);
			name = "Embed Pods Frameworks";
			outputPaths = (
			);
			runOnlyForDeploymentPostprocessing = 0;
			shellPath = /bin/sh;
			shellScript = "\"${SRCROOT}/Pods/Target Support Files/Pods/Pods-frameworks.sh\"\n";
			showEnvVarsInLog = 0;
		};
		84D587A775DC4D08199A093B /* Copy Pods Resources */ = {
			isa = PBXShellScriptBuildPhase;
			buildActionMask = 2147483647;
			files = (
			);
			inputPaths = (
			);
			name = "Copy Pods Resources";
			outputPaths = (
			);
			runOnlyForDeploymentPostprocessing = 0;
			shellPath = /bin/sh;
			shellScript = "\"${SRCROOT}/Pods/Target Support Files/Pods/Pods-resources.sh\"\n";
			showEnvVarsInLog = 0;
		};
		B0F3DBE0C823DA75056CD531 /* Check Pods Manifest.lock */ = {
			isa = PBXShellScriptBuildPhase;
			buildActionMask = 2147483647;
			files = (
			);
			inputPaths = (
			);
			name = "Check Pods Manifest.lock";
			outputPaths = (
			);
			runOnlyForDeploymentPostprocessing = 0;
			shellPath = /bin/sh;
			shellScript = "diff \"${PODS_ROOT}/../Podfile.lock\" \"${PODS_ROOT}/Manifest.lock\" > /dev/null\nif [[ $? != 0 ]] ; then\n    cat << EOM\nerror: The sandbox is not in sync with the Podfile.lock. Run 'pod install' or update your CocoaPods installation.\nEOM\n    exit 1\nfi\n";
			showEnvVarsInLog = 0;
		};
/* End PBXShellScriptBuildPhase section */

/* Begin PBXSourcesBuildPhase section */
		4D9AC3C21C83E20E00E923CC /* Sources */ = {
			isa = PBXSourcesBuildPhase;
			buildActionMask = 2147483647;
			files = (
				4DB95FBF1C86917B006B92F9 /* MRMessageInterceptor.m in Sources */,
				4DB94A331C88182D0003AC08 /* SearchAppointCell.m in Sources */,
				4DB95FB81C86917B006B92F9 /* MRActivityIndicatorView.m in Sources */,
				4DB95FC71C86E757006B92F9 /* OrderPayCompleteController.m in Sources */,
				4DB94A2D1C87D5FC0003AC08 /* WXApiManager.m in Sources */,
				4D198C901C8FB36A00442C67 /* CouponCell.m in Sources */,
				4DB94A371C8820110003AC08 /* LoginController.m in Sources */,
				4DC3F3371C8EEEB4002A268C /* MemberAccountCell.m in Sources */,
				4DB94A461C8836850003AC08 /* UserInfoController.m in Sources */,
				4D198C931C8FC67000442C67 /* SettingController.m in Sources */,
				4DB95FBD1C86917B006B92F9 /* MRProgressView.m in Sources */,
				4D9AC4451C84242E00E923CC /* SearchPartMapController.mm in Sources */,
				4D9AC4411C8423DA00E923CC /* UITempletViewController.m in Sources */,
				4DB94A401C882EB30003AC08 /* ProfileCell.m in Sources */,
				4DB95FC01C86917B006B92F9 /* MRMethodCopier.m in Sources */,
				4D198C8D1C8FB1C300442C67 /* CouponController.m in Sources */,
				4DB94A4F1C8852BD0003AC08 /* EditSelectCell.m in Sources */,
				4DB94A3A1C8822200003AC08 /* InputItemModel.m in Sources */,
				4D9C5E771C89643500543681 /* SearchAppointSelectController.m in Sources */,
				4DB94A491C884D0D0003AC08 /* EditTextController.m in Sources */,
				4DC690AC1C8988A3006B4DDF /* PayDetailCell.m in Sources */,
				4D9C5E701C89590D00543681 /* Connetion.m in Sources */,
				4DE57E961C852C3A0087D79F /* SearchPartCell.m in Sources */,
				4DB94A4C1C8851DF0003AC08 /* EditSeleceController.m in Sources */,
				4DB95FC41C86C011006B92F9 /* OrderPayController.m in Sources */,
				4DE57E931C8521A50087D79F /* SearchPartController.m in Sources */,
				4DE57EA31C85A3EA0087D79F /* OrderDetailController.m in Sources */,
				4DB95FB91C86917B006B92F9 /* MRCircularProgressView.m in Sources */,
				4DB95FBE1C86917B006B92F9 /* MRStopButton.m in Sources */,
				4DB95FB61C86917B006B92F9 /* MRBlurView.m in Sources */,
				4DE57E991C8539170087D79F /* CommonTools.m in Sources */,
				4D198C8A1C8FAC9700442C67 /* OrderListController.m in Sources */,
				4DB94A301C8813880003AC08 /* SearchAppointController.m in Sources */,
				4DB94A3D1C882CA80003AC08 /* UserCenterController.m in Sources */,
				4DB95FBB1C86917B006B92F9 /* MRNavigationBarProgressView.m in Sources */,
				4DB95FBC1C86917B006B92F9 /* MRProgressOverlayView.m in Sources */,
				4DB95FBA1C86917B006B92F9 /* MRIconView.m in Sources */,
				4DB95FC11C86917B006B92F9 /* MRWeakProxy.m in Sources */,
				4DC690A91C8982E7006B4DDF /* OrderPayDetailController.m in Sources */,
				4DC3F3341C8EEE3D002A268C /* MemberAccountViewController.m in Sources */,
				4DCCA5111C8440CC00965C21 /* YHR_PageControl.m in Sources */,
				4DB94A431C8836370003AC08 /* UserInfoCell.m in Sources */,
				4D9AC3D11C83E20E00E923CC /* ViewController.m in Sources */,
				4D9AC3CE1C83E20E00E923CC /* AppDelegate.m in Sources */,
				4DB95FB71C86917B006B92F9 /* UIImage+MRImageEffects.m in Sources */,
				4DCCA5181C8455B600965C21 /* HomeCell.m in Sources */,
				4D9AC3CB1C83E20E00E923CC /* main.m in Sources */,
			);
			runOnlyForDeploymentPostprocessing = 0;
		};
		4D9AC3DB1C83E20E00E923CC /* Sources */ = {
			isa = PBXSourcesBuildPhase;
			buildActionMask = 2147483647;
			files = (
				4D9AC3E41C83E20E00E923CC /* EasyStopCarTests.m in Sources */,
			);
			runOnlyForDeploymentPostprocessing = 0;
		};
		4D9AC3E61C83E20E00E923CC /* Sources */ = {
			isa = PBXSourcesBuildPhase;
			buildActionMask = 2147483647;
			files = (
				4D9AC3EF1C83E20E00E923CC /* EasyStopCarUITests.m in Sources */,
			);
			runOnlyForDeploymentPostprocessing = 0;
		};
/* End PBXSourcesBuildPhase section */

/* Begin PBXTargetDependency section */
		4D9AC3E11C83E20E00E923CC /* PBXTargetDependency */ = {
			isa = PBXTargetDependency;
			target = 4D9AC3C51C83E20E00E923CC /* EasyStopCar */;
			targetProxy = 4D9AC3E01C83E20E00E923CC /* PBXContainerItemProxy */;
		};
		4D9AC3EC1C83E20E00E923CC /* PBXTargetDependency */ = {
			isa = PBXTargetDependency;
			target = 4D9AC3C51C83E20E00E923CC /* EasyStopCar */;
			targetProxy = 4D9AC3EB1C83E20E00E923CC /* PBXContainerItemProxy */;
		};
/* End PBXTargetDependency section */

/* Begin PBXVariantGroup section */
		4D9AC3D21C83E20E00E923CC /* Main.storyboard */ = {
			isa = PBXVariantGroup;
			children = (
				4D9AC3D31C83E20E00E923CC /* Base */,
			);
			name = Main.storyboard;
			sourceTree = "<group>";
		};
		4D9AC3D71C83E20E00E923CC /* LaunchScreen.storyboard */ = {
			isa = PBXVariantGroup;
			children = (
				4D9AC3D81C83E20E00E923CC /* Base */,
			);
			name = LaunchScreen.storyboard;
			sourceTree = "<group>";
		};
/* End PBXVariantGroup section */

/* Begin XCBuildConfiguration section */
		4D9AC3F11C83E20E00E923CC /* Debug */ = {
			isa = XCBuildConfiguration;
			buildSettings = {
				ALWAYS_SEARCH_USER_PATHS = NO;
				CLANG_CXX_LANGUAGE_STANDARD = "gnu++0x";
				CLANG_CXX_LIBRARY = "libc++";
				CLANG_ENABLE_MODULES = YES;
				CLANG_ENABLE_OBJC_ARC = YES;
				CLANG_WARN_BOOL_CONVERSION = YES;
				CLANG_WARN_CONSTANT_CONVERSION = YES;
				CLANG_WARN_DIRECT_OBJC_ISA_USAGE = YES_ERROR;
				CLANG_WARN_EMPTY_BODY = YES;
				CLANG_WARN_ENUM_CONVERSION = YES;
				CLANG_WARN_INT_CONVERSION = YES;
				CLANG_WARN_OBJC_ROOT_CLASS = YES_ERROR;
				CLANG_WARN_UNREACHABLE_CODE = YES;
				CLANG_WARN__DUPLICATE_METHOD_MATCH = YES;
				"CODE_SIGN_IDENTITY[sdk=iphoneos*]" = "iPhone Developer";
				COPY_PHASE_STRIP = NO;
				DEBUG_INFORMATION_FORMAT = dwarf;
				ENABLE_STRICT_OBJC_MSGSEND = YES;
				ENABLE_TESTABILITY = YES;
				GCC_C_LANGUAGE_STANDARD = gnu99;
				GCC_DYNAMIC_NO_PIC = NO;
				GCC_NO_COMMON_BLOCKS = YES;
				GCC_OPTIMIZATION_LEVEL = 0;
				GCC_PREPROCESSOR_DEFINITIONS = (
					"DEBUG=1",
					"$(inherited)",
				);
				GCC_WARN_64_TO_32_BIT_CONVERSION = YES;
				GCC_WARN_ABOUT_RETURN_TYPE = YES_ERROR;
				GCC_WARN_UNDECLARED_SELECTOR = YES;
				GCC_WARN_UNINITIALIZED_AUTOS = YES_AGGRESSIVE;
				GCC_WARN_UNUSED_FUNCTION = YES;
				GCC_WARN_UNUSED_VARIABLE = YES;
				IPHONEOS_DEPLOYMENT_TARGET = 8.0;
				MTL_ENABLE_DEBUG_INFO = YES;
				ONLY_ACTIVE_ARCH = YES;
				SDKROOT = iphoneos;
			};
			name = Debug;
		};
		4D9AC3F21C83E20E00E923CC /* Release */ = {
			isa = XCBuildConfiguration;
			buildSettings = {
				ALWAYS_SEARCH_USER_PATHS = NO;
				CLANG_CXX_LANGUAGE_STANDARD = "gnu++0x";
				CLANG_CXX_LIBRARY = "libc++";
				CLANG_ENABLE_MODULES = YES;
				CLANG_ENABLE_OBJC_ARC = YES;
				CLANG_WARN_BOOL_CONVERSION = YES;
				CLANG_WARN_CONSTANT_CONVERSION = YES;
				CLANG_WARN_DIRECT_OBJC_ISA_USAGE = YES_ERROR;
				CLANG_WARN_EMPTY_BODY = YES;
				CLANG_WARN_ENUM_CONVERSION = YES;
				CLANG_WARN_INT_CONVERSION = YES;
				CLANG_WARN_OBJC_ROOT_CLASS = YES_ERROR;
				CLANG_WARN_UNREACHABLE_CODE = YES;
				CLANG_WARN__DUPLICATE_METHOD_MATCH = YES;
				"CODE_SIGN_IDENTITY[sdk=iphoneos*]" = "iPhone Developer";
				COPY_PHASE_STRIP = NO;
				DEBUG_INFORMATION_FORMAT = "dwarf-with-dsym";
				ENABLE_NS_ASSERTIONS = NO;
				ENABLE_STRICT_OBJC_MSGSEND = YES;
				GCC_C_LANGUAGE_STANDARD = gnu99;
				GCC_NO_COMMON_BLOCKS = YES;
				GCC_WARN_64_TO_32_BIT_CONVERSION = YES;
				GCC_WARN_ABOUT_RETURN_TYPE = YES_ERROR;
				GCC_WARN_UNDECLARED_SELECTOR = YES;
				GCC_WARN_UNINITIALIZED_AUTOS = YES_AGGRESSIVE;
				GCC_WARN_UNUSED_FUNCTION = YES;
				GCC_WARN_UNUSED_VARIABLE = YES;
				IPHONEOS_DEPLOYMENT_TARGET = 8.0;
				MTL_ENABLE_DEBUG_INFO = NO;
				SDKROOT = iphoneos;
				VALIDATE_PRODUCT = YES;
			};
			name = Release;
		};
		4D9AC3F41C83E20E00E923CC /* Debug */ = {
			isa = XCBuildConfiguration;
			baseConfigurationReference = D16F12F38E497BA16ED5BCCD /* Pods.debug.xcconfig */;
			buildSettings = {
				ASSETCATALOG_COMPILER_APPICON_NAME = AppIcon;
				CODE_SIGN_IDENTITY = "iPhone Developer: ye jiao (N9D7C75SSJ)";
				"CODE_SIGN_IDENTITY[sdk=iphoneos*]" = "iPhone Developer: ye jiao (N9D7C75SSJ)";
				ENABLE_BITCODE = NO;
				FRAMEWORK_SEARCH_PATHS = (
					"$(inherited)",
					"$(PROJECT_DIR)/EasyStopCar/framework/BaiduMap_IOSSDK_v2.10.0_Lib",
				);
				INFOPLIST_FILE = EasyStopCar/Info.plist;
				IPHONEOS_DEPLOYMENT_TARGET = 8.0;
				LD_RUNPATH_SEARCH_PATHS = "$(inherited) @executable_path/Frameworks";
				LIBRARY_SEARCH_PATHS = (
					"$(inherited)",
					"$(PROJECT_DIR)/EasyStopCar/Common/WeChat",
					"$(PROJECT_DIR)/build/Debug-iphoneos",
				);
				ONLY_ACTIVE_ARCH = YES;
				OTHER_LDFLAGS = "-ObjC";
				PRODUCT_BUNDLE_IDENTIFIER = com.sjsh8.easystopcart;
				PRODUCT_NAME = "$(TARGET_NAME)";
				PROVISIONING_PROFILE = "8998fcca-b803-42e0-960d-3d18eadaf87c";
				VALID_ARCHS = "arm64 armv7 armv7s";
			};
			name = Debug;
		};
		4D9AC3F51C83E20E00E923CC /* Release */ = {
			isa = XCBuildConfiguration;
			baseConfigurationReference = AF30E22EBCA7C9B547958742 /* Pods.release.xcconfig */;
			buildSettings = {
				ASSETCATALOG_COMPILER_APPICON_NAME = AppIcon;
				CODE_SIGN_IDENTITY = "iPhone Developer: ye jiao (N9D7C75SSJ)";
				"CODE_SIGN_IDENTITY[sdk=iphoneos*]" = "iPhone Developer: ye jiao (N9D7C75SSJ)";
				ENABLE_BITCODE = NO;
				FRAMEWORK_SEARCH_PATHS = (
					"$(inherited)",
					"$(PROJECT_DIR)/EasyStopCar/framework/BaiduMap_IOSSDK_v2.10.0_Lib",
				);
				INFOPLIST_FILE = EasyStopCar/Info.plist;
				IPHONEOS_DEPLOYMENT_TARGET = 8.0;
				LD_RUNPATH_SEARCH_PATHS = "$(inherited) @executable_path/Frameworks";
				LIBRARY_SEARCH_PATHS = (
					"$(inherited)",
					"$(PROJECT_DIR)/EasyStopCar/Common/WeChat",
					"$(PROJECT_DIR)/build/Debug-iphoneos",
				);
				OTHER_LDFLAGS = "-ObjC";
				PRODUCT_BUNDLE_IDENTIFIER = com.sjsh8.easystopcart;
				PRODUCT_NAME = "$(TARGET_NAME)";
				PROVISIONING_PROFILE = "8998fcca-b803-42e0-960d-3d18eadaf87c";
				VALID_ARCHS = "arm64 armv7 armv7s";
			};
			name = Release;
		};
		4D9AC3F71C83E20E00E923CC /* Debug */ = {
			isa = XCBuildConfiguration;
			buildSettings = {
				BUNDLE_LOADER = "$(TEST_HOST)";
				INFOPLIST_FILE = EasyStopCarTests/Info.plist;
				LD_RUNPATH_SEARCH_PATHS = "$(inherited) @executable_path/Frameworks @loader_path/Frameworks";
				PRODUCT_BUNDLE_IDENTIFIER = Savvy.EasyStopCarTests;
				PRODUCT_NAME = "$(TARGET_NAME)";
				TEST_HOST = "$(BUILT_PRODUCTS_DIR)/EasyStopCar.app/EasyStopCar";
			};
			name = Debug;
		};
		4D9AC3F81C83E20E00E923CC /* Release */ = {
			isa = XCBuildConfiguration;
			buildSettings = {
				BUNDLE_LOADER = "$(TEST_HOST)";
				INFOPLIST_FILE = EasyStopCarTests/Info.plist;
				LD_RUNPATH_SEARCH_PATHS = "$(inherited) @executable_path/Frameworks @loader_path/Frameworks";
				PRODUCT_BUNDLE_IDENTIFIER = Savvy.EasyStopCarTests;
				PRODUCT_NAME = "$(TARGET_NAME)";
				TEST_HOST = "$(BUILT_PRODUCTS_DIR)/EasyStopCar.app/EasyStopCar";
			};
			name = Release;
		};
		4D9AC3FA1C83E20E00E923CC /* Debug */ = {
			isa = XCBuildConfiguration;
			buildSettings = {
				INFOPLIST_FILE = EasyStopCarUITests/Info.plist;
				LD_RUNPATH_SEARCH_PATHS = "$(inherited) @executable_path/Frameworks @loader_path/Frameworks";
				PRODUCT_BUNDLE_IDENTIFIER = Savvy.EasyStopCarUITests;
				PRODUCT_NAME = "$(TARGET_NAME)";
				TEST_TARGET_NAME = EasyStopCar;
				USES_XCTRUNNER = YES;
			};
			name = Debug;
		};
		4D9AC3FB1C83E20E00E923CC /* Release */ = {
			isa = XCBuildConfiguration;
			buildSettings = {
				INFOPLIST_FILE = EasyStopCarUITests/Info.plist;
				LD_RUNPATH_SEARCH_PATHS = "$(inherited) @executable_path/Frameworks @loader_path/Frameworks";
				PRODUCT_BUNDLE_IDENTIFIER = Savvy.EasyStopCarUITests;
				PRODUCT_NAME = "$(TARGET_NAME)";
				TEST_TARGET_NAME = EasyStopCar;
				USES_XCTRUNNER = YES;
			};
			name = Release;
		};
/* End XCBuildConfiguration section */

/* Begin XCConfigurationList section */
		4D9AC3C11C83E20D00E923CC /* Build configuration list for PBXProject "EasyStopCar" */ = {
			isa = XCConfigurationList;
			buildConfigurations = (
				4D9AC3F11C83E20E00E923CC /* Debug */,
				4D9AC3F21C83E20E00E923CC /* Release */,
			);
			defaultConfigurationIsVisible = 0;
			defaultConfigurationName = Release;
		};
		4D9AC3F31C83E20E00E923CC /* Build configuration list for PBXNativeTarget "EasyStopCar" */ = {
			isa = XCConfigurationList;
			buildConfigurations = (
				4D9AC3F41C83E20E00E923CC /* Debug */,
				4D9AC3F51C83E20E00E923CC /* Release */,
			);
			defaultConfigurationIsVisible = 0;
			defaultConfigurationName = Release;
		};
		4D9AC3F61C83E20E00E923CC /* Build configuration list for PBXNativeTarget "EasyStopCarTests" */ = {
			isa = XCConfigurationList;
			buildConfigurations = (
				4D9AC3F71C83E20E00E923CC /* Debug */,
				4D9AC3F81C83E20E00E923CC /* Release */,
			);
			defaultConfigurationIsVisible = 0;
			defaultConfigurationName = Release;
		};
		4D9AC3F91C83E20E00E923CC /* Build configuration list for PBXNativeTarget "EasyStopCarUITests" */ = {
			isa = XCConfigurationList;
			buildConfigurations = (
				4D9AC3FA1C83E20E00E923CC /* Debug */,
				4D9AC3FB1C83E20E00E923CC /* Release */,
			);
			defaultConfigurationIsVisible = 0;
			defaultConfigurationName = Release;
		};
/* End XCConfigurationList section */
	};
	rootObject = 4D9AC3BE1C83E20D00E923CC /* Project object */;
}
